
Microsoft Visual Studio Solution File, Format Version 12.00
# Visual Studio Version 17
VisualStudioVersion = 17.4.33213.308
MinimumVisualStudioVersion = 10.0.40219.1
Project("{FAE04EC0-301F-11D3-BF4B-00C04F79EFBC}") = "StudentsAPI", "StudentsAPI\StudentsAPI.csproj", "{57C5F82C-ACF6-4AAE-BFF3-B758CC092C71}"
EndProject
Global
	GlobalSection(SolutionConfigurationPlatforms) = preSolution
		Debug|Any CPU = Debug|Any CPU
		Release|Any CPU = Release|Any CPU
	EndGlobalSection
	GlobalSection(ProjectConfigurationPlatforms) = postSolution
		{57C5F82C-ACF6-4AAE-BFF3-B758CC092C71}.Debug|Any CPU.ActiveCfg = Debug|Any CPU
		{57C5F82C-ACF6-4AAE-BFF3-B758CC092C71}.Debug|Any CPU.Build.0 = Debug|Any CPU
		{57C5F82C-ACF6-4AAE-BFF3-B758CC092C71}.Release|Any CPU.ActiveCfg = Release|Any CPU
		{57C5F82C-ACF6-4AAE-BFF3-B758CC092C71}.Release|Any CPU.Build.0 = Release|Any CPU
	EndGlobalSection
	GlobalSection(SolutionProperties) = preSolution
		HideSolutionNode = FALSE
	EndGlobalSection
	GlobalSection(ExtensibilityGlobals) = postSolution
		SolutionGuid = {2F0A041B-671E-4691-94A0-BD575FD47507}
	EndGlobalSection
EndGlobal
